
Microsoft Visual Studio Solution File, Format Version 12.00
# Visual Studio Version 17
VisualStudioVersion = 17.7.34031.279
MinimumVisualStudioVersion = 10.0.40219.1
Project("{9A19103F-16F7-4668-BE54-9A1E7A4F7556}") = "DoormatCore", "Doormat\DoormatCore.csproj", "{6769EA5D-1147-4453-A832-F5A6A4CA5E76}"
EndProject
Project("{9A19103F-16F7-4668-BE54-9A1E7A4F7556}") = "GlobalsObject", "GlobalsObject\GlobalsObject.csproj", "{57632020-6208-46E0-A32E-C392001D9C75}"
EndProject
Project("{2150E333-8FDC-42A3-9474-1A3956D46DE8}") = "Tests", "Tests", "{9A3FB192-D592-467E-9A1D-DD6E9ECDEBAA}"
EndProject
Project("{9A19103F-16F7-4668-BE54-9A1E7A4F7556}") = "DoormatCore.Tests", "DoormatCore.Tests\DoormatCore.Tests.csproj", "{97701D1B-BC81-460C-953D-9A7D25C4453B}"
EndProject
Global
	GlobalSection(SolutionConfigurationPlatforms) = preSolution
		Debug|Any CPU = Debug|Any CPU
		Debug|iPhone = Debug|iPhone
		Debug|iPhoneSimulator = Debug|iPhoneSimulator
		Release|Any CPU = Release|Any CPU
		Release|iPhone = Release|iPhone
		Release|iPhoneSimulator = Release|iPhoneSimulator
	EndGlobalSection
	GlobalSection(ProjectConfigurationPlatforms) = postSolution
		{6769EA5D-1147-4453-A832-F5A6A4CA5E76}.Debug|Any CPU.ActiveCfg = Debug|Any CPU
		{6769EA5D-1147-4453-A832-F5A6A4CA5E76}.Debug|Any CPU.Build.0 = Debug|Any CPU
		{6769EA5D-1147-4453-A832-F5A6A4CA5E76}.Debug|iPhone.ActiveCfg = Debug|Any CPU
		{6769EA5D-1147-4453-A832-F5A6A4CA5E76}.Debug|iPhone.Build.0 = Debug|Any CPU
		{6769EA5D-1147-4453-A832-F5A6A4CA5E76}.Debug|iPhoneSimulator.ActiveCfg = Debug|Any CPU
		{6769EA5D-1147-4453-A832-F5A6A4CA5E76}.Debug|iPhoneSimulator.Build.0 = Debug|Any CPU
		{6769EA5D-1147-4453-A832-F5A6A4CA5E76}.Release|Any CPU.ActiveCfg = Release|Any CPU
		{6769EA5D-1147-4453-A832-F5A6A4CA5E76}.Release|Any CPU.Build.0 = Release|Any CPU
		{6769EA5D-1147-4453-A832-F5A6A4CA5E76}.Release|iPhone.ActiveCfg = Release|Any CPU
		{6769EA5D-1147-4453-A832-F5A6A4CA5E76}.Release|iPhone.Build.0 = Release|Any CPU
		{6769EA5D-1147-4453-A832-F5A6A4CA5E76}.Release|iPhoneSimulator.ActiveCfg = Release|Any CPU
		{6769EA5D-1147-4453-A832-F5A6A4CA5E76}.Release|iPhoneSimulator.Build.0 = Release|Any CPU
		{57632020-6208-46E0-A32E-C392001D9C75}.Debug|Any CPU.ActiveCfg = Debug|Any CPU
		{57632020-6208-46E0-A32E-C392001D9C75}.Debug|Any CPU.Build.0 = Debug|Any CPU
		{57632020-6208-46E0-A32E-C392001D9C75}.Debug|iPhone.ActiveCfg = Debug|Any CPU
		{57632020-6208-46E0-A32E-C392001D9C75}.Debug|iPhone.Build.0 = Debug|Any CPU
		{57632020-6208-46E0-A32E-C392001D9C75}.Debug|iPhoneSimulator.ActiveCfg = Debug|Any CPU
		{57632020-6208-46E0-A32E-C392001D9C75}.Debug|iPhoneSimulator.Build.0 = Debug|Any CPU
		{57632020-6208-46E0-A32E-C392001D9C75}.Release|Any CPU.ActiveCfg = Release|Any CPU
		{57632020-6208-46E0-A32E-C392001D9C75}.Release|Any CPU.Build.0 = Release|Any CPU
		{57632020-6208-46E0-A32E-C392001D9C75}.Release|iPhone.ActiveCfg = Release|Any CPU
		{57632020-6208-46E0-A32E-C392001D9C75}.Release|iPhone.Build.0 = Release|Any CPU
		{57632020-6208-46E0-A32E-C392001D9C75}.Release|iPhoneSimulator.ActiveCfg = Release|Any CPU
		{57632020-6208-46E0-A32E-C392001D9C75}.Release|iPhoneSimulator.Build.0 = Release|Any CPU
		{97701D1B-BC81-460C-953D-9A7D25C4453B}.Debug|Any CPU.ActiveCfg = Debug|Any CPU
		{97701D1B-BC81-460C-953D-9A7D25C4453B}.Debug|Any CPU.Build.0 = Debug|Any CPU
		{97701D1B-BC81-460C-953D-9A7D25C4453B}.Debug|iPhone.ActiveCfg = Debug|Any CPU
		{97701D1B-BC81-460C-953D-9A7D25C4453B}.Debug|iPhone.Build.0 = Debug|Any CPU
		{97701D1B-BC81-460C-953D-9A7D25C4453B}.Debug|iPhoneSimulator.ActiveCfg = Debug|Any CPU
		{97701D1B-BC81-460C-953D-9A7D25C4453B}.Debug|iPhoneSimulator.Build.0 = Debug|Any CPU
		{97701D1B-BC81-460C-953D-9A7D25C4453B}.Release|Any CPU.ActiveCfg = Release|Any CPU
		{97701D1B-BC81-460C-953D-9A7D25C4453B}.Release|Any CPU.Build.0 = Release|Any CPU
		{97701D1B-BC81-460C-953D-9A7D25C4453B}.Release|iPhone.ActiveCfg = Release|Any CPU
		{97701D1B-BC81-460C-953D-9A7D25C4453B}.Release|iPhone.Build.0 = Release|Any CPU
		{97701D1B-BC81-460C-953D-9A7D25C4453B}.Release|iPhoneSimulator.ActiveCfg = Release|Any CPU
		{97701D1B-BC81-460C-953D-9A7D25C4453B}.Release|iPhoneSimulator.Build.0 = Release|Any CPU
	EndGlobalSection
	GlobalSection(SolutionProperties) = preSolution
		HideSolutionNode = FALSE
	EndGlobalSection
	GlobalSection(NestedProjects) = preSolution
		{97701D1B-BC81-460C-953D-9A7D25C4453B} = {9A3FB192-D592-467E-9A1D-DD6E9ECDEBAA}
	EndGlobalSection
	GlobalSection(ExtensibilityGlobals) = postSolution
		SolutionGuid = {16B4ADBC-92FE-4289-A6CB-422B77071917}
	EndGlobalSection
EndGlobal
